
Microsoft Visual Studio Solution File, Format Version 12.00
# Visual Studio 15
VisualStudioVersion = 15.0.28010.2019
MinimumVisualStudioVersion = 10.0.40219.1
Project("{FAE04EC0-301F-11D3-BF4B-00C04F79EFBC}") = "KafkaClient", "KafkaClient\KafkaClient.csproj", "{90D31483-E877-4732-A275-231EAB85950E}"
EndProject
Project("{FAE04EC0-301F-11D3-BF4B-00C04F79EFBC}") = "KafkaProducer", "KafkaProducer\KafkaProducer.csproj", "{607AA1A6-BAA8-453C-95DA-A76E4B5C246D}"
EndProject
Project("{2150E333-8FDC-42A3-9474-1A3956D46DE8}") = "KafkaResources", "KafkaResources", "{D3BF3B1F-7950-4F7A-B53C-6CEE1CE10210}"
ProjectSection(SolutionItems) = preProject
	KafkaResources\docker-compose.yml = KafkaResources\docker-compose.yml
	KafkaResources\udemy-review.avsc = KafkaResources\udemy-review.avsc
	README.md = README.md
	KafkaResources\generate-avro.ps1 = KafkaResources\generate-avro.ps1
EndProjectSection
EndProject
Project("{FAE04EC0-301F-11D3-BF4B-00C04F79EFBC}") = "Kafka.Common", "Kafka.Common\Kafka.Common.csproj", "{55C32126-D779-4E25-9995-3AE2421A0641}"
EndProject
Global
	GlobalSection(SolutionConfigurationPlatforms) = preSolution
		Debug|Any CPU = Debug|Any CPU
		Release|Any CPU = Release|Any CPU
	EndGlobalSection
	GlobalSection(ProjectConfigurationPlatforms) = postSolution
		{90D31483-E877-4732-A275-231EAB85950E}.Debug|Any CPU.ActiveCfg = Debug|Any CPU
		{90D31483-E877-4732-A275-231EAB85950E}.Debug|Any CPU.Build.0 = Debug|Any CPU
		{90D31483-E877-4732-A275-231EAB85950E}.Release|Any CPU.ActiveCfg = Release|Any CPU
		{90D31483-E877-4732-A275-231EAB85950E}.Release|Any CPU.Build.0 = Release|Any CPU
		{607AA1A6-BAA8-453C-95DA-A76E4B5C246D}.Debug|Any CPU.ActiveCfg = Debug|Any CPU
		{607AA1A6-BAA8-453C-95DA-A76E4B5C246D}.Debug|Any CPU.Build.0 = Debug|Any CPU
		{607AA1A6-BAA8-453C-95DA-A76E4B5C246D}.Release|Any CPU.ActiveCfg = Release|Any CPU
		{607AA1A6-BAA8-453C-95DA-A76E4B5C246D}.Release|Any CPU.Build.0 = Release|Any CPU
		{55C32126-D779-4E25-9995-3AE2421A0641}.Debug|Any CPU.ActiveCfg = Debug|Any CPU
		{55C32126-D779-4E25-9995-3AE2421A0641}.Debug|Any CPU.Build.0 = Debug|Any CPU
		{55C32126-D779-4E25-9995-3AE2421A0641}.Release|Any CPU.ActiveCfg = Release|Any CPU
		{55C32126-D779-4E25-9995-3AE2421A0641}.Release|Any CPU.Build.0 = Release|Any CPU
	EndGlobalSection
	GlobalSection(SolutionProperties) = preSolution
		HideSolutionNode = FALSE
	EndGlobalSection
	GlobalSection(ExtensibilityGlobals) = postSolution
		SolutionGuid = {82657E75-058C-4359-B8E3-5F3B5C4A6034}
	EndGlobalSection
EndGlobal
